
Microsoft Visual Studio Solution File, Format Version 12.00
# Visual Studio Version 17
VisualStudioVersion = 17.6.33815.320
MinimumVisualStudioVersion = 10.0.40219.1
Project("{FAE04EC0-301F-11D3-BF4B-00C04F79EFBC}") = "LT_Tools", "LT_Tools\LT_Tools.csproj", "{995FBCB3-C30F-4367-9260-4DE345B3C2FE}"
EndProject
Global
	GlobalSection(SolutionConfigurationPlatforms) = preSolution
		Debug|Any CPU = Debug|Any CPU
		Release|Any CPU = Release|Any CPU
	EndGlobalSection
	GlobalSection(ProjectConfigurationPlatforms) = postSolution
		{995FBCB3-C30F-4367-9260-4DE345B3C2FE}.Debug|Any CPU.ActiveCfg = Debug|Any CPU
		{995FBCB3-C30F-4367-9260-4DE345B3C2FE}.Debug|Any CPU.Build.0 = Debug|Any CPU
		{995FBCB3-C30F-4367-9260-4DE345B3C2FE}.Release|Any CPU.ActiveCfg = Release|Any CPU
		{995FBCB3-C30F-4367-9260-4DE345B3C2FE}.Release|Any CPU.Build.0 = Release|Any CPU
	EndGlobalSection
	GlobalSection(SolutionProperties) = preSolution
		HideSolutionNode = FALSE
	EndGlobalSection
	GlobalSection(ExtensibilityGlobals) = postSolution
		SolutionGuid = {3AE0D255-F365-4407-A7AA-1870A4121B3B}
	EndGlobalSection
EndGlobal
